
Microsoft Visual Studio Solution File, Format Version 12.00
# Visual Studio Version 16
VisualStudioVersion = 16.0.31702.278
MinimumVisualStudioVersion = 10.0.40219.1
Project("{9A19103F-16F7-4668-BE54-9A1E7A4F7556}") = "Incident.Comm.Integration.Api", "Incident.Comm.Integration.Api\Incident.Comm.Integration.Api.csproj", "{1E26EF02-FD00-4B7D-BB30-7415BEED70FA}"
EndProject
Project("{9A19103F-16F7-4668-BE54-9A1E7A4F7556}") = "Incident.Comm.Integration.Data", "Incident.Comm.Integration.Data\Incident.Comm.Integration.Data.csproj", "{C9BBBB15-4D77-4462-813C-8A1FFC392410}"
EndProject
Project("{FAE04EC0-301F-11D3-BF4B-00C04F79EFBC}") = "Incident.Comm.Integration.Api.Tests", "Incident.Comm.Integration.Api.Tests\Incident.Comm.Integration.Api.Tests.csproj", "{D16CB620-B578-46D8-B6AE-5BC744014A7B}"
EndProject
Global
	GlobalSection(SolutionConfigurationPlatforms) = preSolution
		Debug|Any CPU = Debug|Any CPU
		Release|Any CPU = Release|Any CPU
	EndGlobalSection
	GlobalSection(ProjectConfigurationPlatforms) = postSolution
		{1E26EF02-FD00-4B7D-BB30-7415BEED70FA}.Debug|Any CPU.ActiveCfg = Debug|Any CPU
		{1E26EF02-FD00-4B7D-BB30-7415BEED70FA}.Debug|Any CPU.Build.0 = Debug|Any CPU
		{1E26EF02-FD00-4B7D-BB30-7415BEED70FA}.Release|Any CPU.ActiveCfg = Release|Any CPU
		{1E26EF02-FD00-4B7D-BB30-7415BEED70FA}.Release|Any CPU.Build.0 = Release|Any CPU
		{C9BBBB15-4D77-4462-813C-8A1FFC392410}.Debug|Any CPU.ActiveCfg = Debug|Any CPU
		{C9BBBB15-4D77-4462-813C-8A1FFC392410}.Debug|Any CPU.Build.0 = Debug|Any CPU
		{C9BBBB15-4D77-4462-813C-8A1FFC392410}.Release|Any CPU.ActiveCfg = Release|Any CPU
		{C9BBBB15-4D77-4462-813C-8A1FFC392410}.Release|Any CPU.Build.0 = Release|Any CPU
		{D16CB620-B578-46D8-B6AE-5BC744014A7B}.Debug|Any CPU.ActiveCfg = Debug|Any CPU
		{D16CB620-B578-46D8-B6AE-5BC744014A7B}.Debug|Any CPU.Build.0 = Debug|Any CPU
		{D16CB620-B578-46D8-B6AE-5BC744014A7B}.Release|Any CPU.ActiveCfg = Release|Any CPU
		{D16CB620-B578-46D8-B6AE-5BC744014A7B}.Release|Any CPU.Build.0 = Release|Any CPU
	EndGlobalSection
	GlobalSection(SolutionProperties) = preSolution
		HideSolutionNode = FALSE
	EndGlobalSection
	GlobalSection(ExtensibilityGlobals) = postSolution
		SolutionGuid = {9DC5C5C8-EBD1-4594-BF93-4A78510E4F95}
	EndGlobalSection
EndGlobal
